
Microsoft Visual Studio Solution File, Format Version 12.00
# Visual Studio Version 17
VisualStudioVersion = 17.1.32328.378
MinimumVisualStudioVersion = 10.0.40219.1
Project("{9A19103F-16F7-4668-BE54-9A1E7A4F7556}") = "YourVitebskWebServiceApp", "YourVitebskWebServiceApp\YourVitebskWebServiceApp.csproj", "{28E79254-4523-4FDF-8973-074DE7BFB52B}"
EndProject
Project("{FAE04EC0-301F-11D3-BF4B-00C04F79EFBC}") = "YourVitebskWebServiceApp.Tests", "YourVitebskWebServiceApp.Tests\YourVitebskWebServiceApp.Tests.csproj", "{108EE89F-D60B-4EAB-B643-BABCC2F128A3}"
EndProject
Global
	GlobalSection(SolutionConfigurationPlatforms) = preSolution
		Debug|Any CPU = Debug|Any CPU
		Release|Any CPU = Release|Any CPU
	EndGlobalSection
	GlobalSection(ProjectConfigurationPlatforms) = postSolution
		{28E79254-4523-4FDF-8973-074DE7BFB52B}.Debug|Any CPU.ActiveCfg = Debug|Any CPU
		{28E79254-4523-4FDF-8973-074DE7BFB52B}.Debug|Any CPU.Build.0 = Debug|Any CPU
		{28E79254-4523-4FDF-8973-074DE7BFB52B}.Release|Any CPU.ActiveCfg = Release|Any CPU
		{28E79254-4523-4FDF-8973-074DE7BFB52B}.Release|Any CPU.Build.0 = Release|Any CPU
		{108EE89F-D60B-4EAB-B643-BABCC2F128A3}.Debug|Any CPU.ActiveCfg = Debug|Any CPU
		{108EE89F-D60B-4EAB-B643-BABCC2F128A3}.Debug|Any CPU.Build.0 = Debug|Any CPU
		{108EE89F-D60B-4EAB-B643-BABCC2F128A3}.Release|Any CPU.ActiveCfg = Release|Any CPU
		{108EE89F-D60B-4EAB-B643-BABCC2F128A3}.Release|Any CPU.Build.0 = Release|Any CPU
	EndGlobalSection
	GlobalSection(SolutionProperties) = preSolution
		HideSolutionNode = FALSE
	EndGlobalSection
	GlobalSection(ExtensibilityGlobals) = postSolution
		SolutionGuid = {9079F266-DC80-41AF-B294-B63CA55C738C}
	EndGlobalSection
EndGlobal
